PODS:
  - AFNetworking (4.0.1):
    - AFNetworking/NSURLSession (= 4.0.1)
    - AFNetworking/Reachability (= 4.0.1)
    - AFNetworking/Security (= 4.0.1)
    - AFNetworking/Serialization (= 4.0.1)
    - AFNetworking/UIKit (= 4.0.1)
  - AFNetworking/NSURLSession (4.0.1):
    - AFNetworking/Reachability
    - AFNetworking/Security
    - AFNetworking/Serialization
  - AFNetworking/Reachability (4.0.1)
  - AFNetworking/Security (4.0.1)
  - AFNetworking/Serialization (4.0.1)
  - AFNetworking/UIKit (4.0.1):
    - AFNetworking/NSURLSession
  - GCDWebServer (3.5.4):
    - GCDWebServer/Core (= 3.5.4)
  - GCDWebServer/Core (3.5.4)
  - GCDWebServer/WebDAV (3.5.4):
    - GCDWebServer/Core
  - GCDWebServer/WebUploader (3.5.4):
    - GCDWebServer/Core
  - JSONSyntaxHighlight (1.0.0)
  - Masonry (1.1.0)
  - PoporAFN (1.05):
    - AFNetworking
  - PoporAlertBubbleView (1.01):
    - PoporFoundation/NSAssistant
    - PoporUI/UIView
  - PoporFoundation/NSAssistant (1.17):
    - PoporFoundation/Os
    - PoporFoundation/Prefix
  - PoporFoundation/NSDate (1.17):
    - PoporFoundation/NSString
  - PoporFoundation/NSDictionary (1.17):
    - PoporFoundation/NSObject
    - PoporFoundation/Prefix
  - PoporFoundation/NSObject (1.17)
  - PoporFoundation/NSString (1.17):
    - PoporFoundation/NSObject
    - PoporFoundation/Os
    - PoporFoundation/Prefix
  - PoporFoundation/Os (1.17)
  - PoporFoundation/Prefix (1.17):
    - PoporFoundation/Os
  - PoporNetRecord (1.13):
    - GCDWebServer
    - GCDWebServer/WebDAV
    - GCDWebServer/WebUploader
    - JSONSyntaxHighlight
    - Masonry
    - PoporAlertBubbleView
    - PoporFoundation/NSDate
    - PoporFoundation/NSDictionary
    - PoporFoundation/NSString
    - PoporNetRecord/DetailVC (= 1.13)
    - PoporNetRecord/Entity (= 1.13)
    - PoporNetRecord/ExtraVC (= 1.13)
    - PoporNetRecord/ListVC (= 1.13)
    - PoporNetRecord/MessageVC (= 1.13)
    - PoporNetRecord/Record (= 1.13)
    - PoporNetRecord/Web (= 1.13)
    - PoporUI/IToast
    - PoporUI/UIDevice
    - PoporUI/UIImage
    - PoporUI/UITextField
    - PoporUI/UIView
  - PoporNetRecord/DetailVC (1.13):
    - GCDWebServer
    - GCDWebServer/WebDAV
    - GCDWebServer/WebUploader
    - JSONSyntaxHighlight
    - Masonry
    - PoporAlertBubbleView
    - PoporFoundation/NSDate
    - PoporFoundation/NSDictionary
    - PoporFoundation/NSString
    - PoporNetRecord/Entity
    - PoporUI/IToast
    - PoporUI/UIDevice
    - PoporUI/UIImage
    - PoporUI/UITextField
    - PoporUI/UIView
  - PoporNetRecord/Entity (1.13):
    - GCDWebServer
    - GCDWebServer/WebDAV
    - GCDWebServer/WebUploader
    - JSONSyntaxHighlight
    - Masonry
    - PoporAlertBubbleView
    - PoporFoundation/NSDate
    - PoporFoundation/NSDictionary
    - PoporFoundation/NSString
    - PoporUI/IToast
    - PoporUI/UIDevice
    - PoporUI/UIImage
    - PoporUI/UITextField
    - PoporUI/UIView
  - PoporNetRecord/ExtraVC (1.13):
    - GCDWebServer
    - GCDWebServer/WebDAV
    - GCDWebServer/WebUploader
    - JSONSyntaxHighlight
    - Masonry
    - PoporAlertBubbleView
    - PoporFoundation/NSDate
    - PoporFoundation/NSDictionary
    - PoporFoundation/NSString
    - PoporNetRecord/Entity
    - PoporUI/IToast
    - PoporUI/UIDevice
    - PoporUI/UIImage
    - PoporUI/UITextField
    - PoporUI/UIView
  - PoporNetRecord/ListVC (1.13):
    - GCDWebServer
    - GCDWebServer/WebDAV
    - GCDWebServer/WebUploader
    - JSONSyntaxHighlight
    - Masonry
    - PoporAlertBubbleView
    - PoporFoundation/NSDate
    - PoporFoundation/NSDictionary
    - PoporFoundation/NSString
    - PoporNetRecord/DetailVC
    - PoporNetRecord/ExtraVC
    - PoporNetRecord/MessageVC
    - PoporNetRecord/Web
    - PoporUI/IToast
    - PoporUI/UIDevice
    - PoporUI/UIImage
    - PoporUI/UITextField
    - PoporUI/UIView
  - PoporNetRecord/MessageVC (1.13):
    - GCDWebServer
    - GCDWebServer/WebDAV
    - GCDWebServer/WebUploader
    - JSONSyntaxHighlight
    - Masonry
    - PoporAlertBubbleView
    - PoporFoundation/NSDate
    - PoporFoundation/NSDictionary
    - PoporFoundation/NSString
    - PoporNetRecord/Entity
    - PoporUI/IToast
    - PoporUI/UIDevice
    - PoporUI/UIImage
    - PoporUI/UITextField
    - PoporUI/UIView
  - PoporNetRecord/Record (1.13):
    - GCDWebServer
    - GCDWebServer/WebDAV
    - GCDWebServer/WebUploader
    - JSONSyntaxHighlight
    - Masonry
    - PoporAlertBubbleView
    - PoporFoundation/NSDate
    - PoporFoundation/NSDictionary
    - PoporFoundation/NSString
    - PoporNetRecord/ListVC
    - PoporUI/IToast
    - PoporUI/UIDevice
    - PoporUI/UIImage
    - PoporUI/UITextField
    - PoporUI/UIView
  - PoporNetRecord/Web (1.13):
    - GCDWebServer
    - GCDWebServer/WebDAV
    - GCDWebServer/WebUploader
    - JSONSyntaxHighlight
    - Masonry
    - PoporAlertBubbleView
    - PoporFoundation/NSDate
    - PoporFoundation/NSDictionary
    - PoporFoundation/NSString
    - PoporNetRecord/Entity
    - PoporUI/IToast
    - PoporUI/UIDevice
    - PoporUI/UIImage
    - PoporUI/UITextField
    - PoporUI/UIView
  - PoporUI/IToast (1.19):
    - PoporFoundation/NSString
  - PoporUI/UIDevice (1.19):
    - PoporFoundation/NSString
    - PoporUI/IToast
  - PoporUI/UIImage (1.19)
  - PoporUI/UITextField (1.19):
    - PoporFoundation/NSObject
    - PoporFoundation/NSString
  - PoporUI/UIView (1.19)

DEPENDENCIES:
  - PoporAFN (= 1.05)
  - PoporNetRecord (from `../`)

SPEC REPOS:
  trunk:
    - AFNetworking
    - GCDWebServer
    - JSONSyntaxHighlight
    - Masonry
    - PoporAFN
    - PoporAlertBubbleView
    - PoporFoundation
    - PoporUI

EXTERNAL SOURCES:
  PoporNetRecord:
    :path: "../"

SPEC CHECKSUMS:
  AFNetworking: 7864c38297c79aaca1500c33288e429c3451fdce
  GCDWebServer: 2c156a56c8226e2d5c0c3f208a3621ccffbe3ce4
  JSONSyntaxHighlight: 8685d8ad0259b909dc97a829fdfbefbec363f449
  Masonry: 678fab65091a9290e40e2832a55e7ab731aad201
  PoporAFN: 5800e9adca375b1d564f047645ab8884403027c7
  PoporAlertBubbleView: f1b48e79767045630efd422eacefa24c0ce249c1
  PoporFoundation: 7fabad9a5c7b6ff98b54bd97b57d6452a9ec9d72
  PoporNetRecord: 19c5a54ddbbca4dc15e00bd33d8f11cc1e3bf7ff
  PoporUI: 93e9eae0e36af2465b671947bbec7a4f21305305

PODFILE CHECKSUM: 0f253fec8ebdb4836015ac8432ff4a9d69519bfd

COCOAPODS: 1.9.3
