// !$*UTF8*$!
{
	archiveVersion = 1;
	classes = {
	};
	objectVersion = 46;
	objects = {

/* Begin PBXBuildFile section */
		181197102235EA9000450770 /* PnrListVC.m in Sources */ = {isa = PBXBuildFile; fileRef = 181196EB2235EA9000450770 /* PnrListVC.m */; };
		181197112235EA9000450770 /* PnrListVCCell.m in Sources */ = {isa = PBXBuildFile; fileRef = 181196EC2235EA9000450770 /* PnrListVCCell.m */; };
		181197132235EA9000450770 /* PnrListVCInteractor.m in Sources */ = {isa = PBXBuildFile; fileRef = 181196F52235EA9000450770 /* PnrListVCInteractor.m */; };
		181197152235EA9000450770 /* PnrListVCRouter.m in Sources */ = {isa = PBXBuildFile; fileRef = 181196F72235EA9000450770 /* PnrListVCRouter.m */; };
		181197162235EA9000450770 /* PnrListVCPresenter.m in Sources */ = {isa = PBXBuildFile; fileRef = 181196F92235EA9000450770 /* PnrListVCPresenter.m */; };
		181197182235EA9000450770 /* PnrPortEntity.m in Sources */ = {isa = PBXBuildFile; fileRef = 181196FE2235EA9000450770 /* PnrPortEntity.m */; };
		181197192235EA9000450770 /* PnrEntity.m in Sources */ = {isa = PBXBuildFile; fileRef = 181197012235EA9000450770 /* PnrEntity.m */; };
		1811971C2235EA9000450770 /* PnrDetailVCInteractor.m in Sources */ = {isa = PBXBuildFile; fileRef = 181197062235EA9000450770 /* PnrDetailVCInteractor.m */; };
		1811971D2235EA9000450770 /* PnrDetailCell.m in Sources */ = {isa = PBXBuildFile; fileRef = 181197082235EA9000450770 /* PnrDetailCell.m */; };
		1811971E2235EA9000450770 /* PnrDetailVCRouter.m in Sources */ = {isa = PBXBuildFile; fileRef = 181197092235EA9000450770 /* PnrDetailVCRouter.m */; };
		1811971F2235EA9000450770 /* PnrDetailVC.m in Sources */ = {isa = PBXBuildFile; fileRef = 1811970A2235EA9000450770 /* PnrDetailVC.m */; };
		181197202235EA9000450770 /* PnrDetailVCPresenter.m in Sources */ = {isa = PBXBuildFile; fileRef = 1811970C2235EA9000450770 /* PnrDetailVCPresenter.m */; };
		18DDDA7B223B77F400307E32 /* PnrWebJs.m in Sources */ = {isa = PBXBuildFile; fileRef = 18DDDA75223B77F400307E32 /* PnrWebJs.m */; };
		18DDDA7C223B77F400307E32 /* PnrWebServer.m in Sources */ = {isa = PBXBuildFile; fileRef = 18DDDA76223B77F400307E32 /* PnrWebServer.m */; };
		18DDDA7D223B77F400307E32 /* PnrWebCss.m in Sources */ = {isa = PBXBuildFile; fileRef = 18DDDA77223B77F400307E32 /* PnrWebCss.m */; };
		18DDDA80223B78B200307E32 /* PnrWebBody.m in Sources */ = {isa = PBXBuildFile; fileRef = 18DDDA7F223B78B200307E32 /* PnrWebBody.m */; };
		18DDDA86223B976200307E32 /* PnrConfig.m in Sources */ = {isa = PBXBuildFile; fileRef = 18DDDA85223B976200307E32 /* PnrConfig.m */; };
		18DDDA8C223B9BBB00307E32 /* PoporNetRecord.m in Sources */ = {isa = PBXBuildFile; fileRef = 18DDDA89223B9BBB00307E32 /* PoporNetRecord.m */; };
		18DDDA8D223B9BBB00307E32 /* PnrView.m in Sources */ = {isa = PBXBuildFile; fileRef = 18DDDA8A223B9BBB00307E32 /* PnrView.m */; };
		6003F58E195388D20070C39A /* Foundation.framework in Frameworks */ = {isa = PBXBuildFile; fileRef = 6003F58D195388D20070C39A /* Foundation.framework */; };
		6003F590195388D20070C39A /* CoreGraphics.framework in Frameworks */ = {isa = PBXBuildFile; fileRef = 6003F58F195388D20070C39A /* CoreGraphics.framework */; };
		6003F592195388D20070C39A /* UIKit.framework in Frameworks */ = {isa = PBXBuildFile; fileRef = 6003F591195388D20070C39A /* UIKit.framework */; };
		6003F598195388D20070C39A /* InfoPlist.strings in Resources */ = {isa = PBXBuildFile; fileRef = 6003F596195388D20070C39A /* InfoPlist.strings */; };
		6003F59A195388D20070C39A /* main.m in Sources */ = {isa = PBXBuildFile; fileRef = 6003F599195388D20070C39A /* main.m */; };
		6003F59E195388D20070C39A /* PoporNetRecordAppDelegate.m in Sources */ = {isa = PBXBuildFile; fileRef = 6003F59D195388D20070C39A /* PoporNetRecordAppDelegate.m */; };
		6003F5A7195388D20070C39A /* PoporNetRecordViewController.m in Sources */ = {isa = PBXBuildFile; fileRef = 6003F5A6195388D20070C39A /* PoporNetRecordViewController.m */; };
		6003F5A9195388D20070C39A /* Images.xcassets in Resources */ = {isa = PBXBuildFile; fileRef = 6003F5A8195388D20070C39A /* Images.xcassets */; };
		6003F5B0195388D20070C39A /* XCTest.framework in Frameworks */ = {isa = PBXBuildFile; fileRef = 6003F5AF195388D20070C39A /* XCTest.framework */; };
		6003F5B1195388D20070C39A /* Foundation.framework in Frameworks */ = {isa = PBXBuildFile; fileRef = 6003F58D195388D20070C39A /* Foundation.framework */; };
		6003F5B2195388D20070C39A /* UIKit.framework in Frameworks */ = {isa = PBXBuildFile; fileRef = 6003F591195388D20070C39A /* UIKit.framework */; };
		6003F5BA195388D20070C39A /* InfoPlist.strings in Resources */ = {isa = PBXBuildFile; fileRef = 6003F5B8195388D20070C39A /* InfoPlist.strings */; };
		6003F5BC195388D20070C39A /* Tests.m in Sources */ = {isa = PBXBuildFile; fileRef = 6003F5BB195388D20070C39A /* Tests.m */; };
		71719F9F1E33DC2100824A3D /* LaunchScreen.storyboard in Resources */ = {isa = PBXBuildFile; fileRef = 71719F9D1E33DC2100824A3D /* LaunchScreen.storyboard */; };
		7BE162A926C809108AC4C70B /* Pods_PoporNetRecord_Example.framework in Frameworks */ = {isa = PBXBuildFile; fileRef = 24374E9BC3CE466EB155DAC4 /* Pods_PoporNetRecord_Example.framework */; };
		873B8AEB1B1F5CCA007FD442 /* Main.storyboard in Resources */ = {isa = PBXBuildFile; fileRef = 873B8AEA1B1F5CCA007FD442 /* Main.storyboard */; };
		8FBC75C6408F56EE00F2F33D /* Pods_PoporNetRecord_Tests.framework in Frameworks */ = {isa = PBXBuildFile; fileRef = C509AAC82787E54A103F513A /* Pods_PoporNetRecord_Tests.framework */; };
/* End PBXBuildFile section */

/* Begin PBXContainerItemProxy section */
		6003F5B3195388D20070C39A /* PBXContainerItemProxy */ = {
			isa = PBXContainerItemProxy;
			containerPortal = 6003F582195388D10070C39A /* Project object */;
			proxyType = 1;
			remoteGlobalIDString = 6003F589195388D20070C39A;
			remoteInfo = PoporNetRecord;
		};
/* End PBXContainerItemProxy section */

/* Begin PBXFileReference section */
		181196EB2235EA9000450770 /* PnrListVC.m */ = {isa = PBXFileReference; fileEncoding = 4; lastKnownFileType = sourcecode.c.objc; path = PnrListVC.m; sourceTree = "<group>"; };
		181196EC2235EA9000450770 /* PnrListVCCell.m */ = {isa = PBXFileReference; fileEncoding = 4; lastKnownFileType = sourcecode.c.objc; path = PnrListVCCell.m; sourceTree = "<group>"; };
		181196ED2235EA9000450770 /* PnrListVCRouter.h */ = {isa = PBXFileReference; fileEncoding = 4; lastKnownFileType = sourcecode.c.h; path = PnrListVCRouter.h; sourceTree = "<group>"; };
		181196EF2235EA9000450770 /* PnrListVCInteractor.h */ = {isa = PBXFileReference; fileEncoding = 4; lastKnownFileType = sourcecode.c.h; path = PnrListVCInteractor.h; sourceTree = "<group>"; };
		181196F02235EA9000450770 /* PnrListVCProtocol.h */ = {isa = PBXFileReference; fileEncoding = 4; lastKnownFileType = sourcecode.c.h; path = PnrListVCProtocol.h; sourceTree = "<group>"; };
		181196F12235EA9000450770 /* PnrListVCPresenter.h */ = {isa = PBXFileReference; fileEncoding = 4; lastKnownFileType = sourcecode.c.h; path = PnrListVCPresenter.h; sourceTree = "<group>"; };
		181196F32235EA9000450770 /* PnrListVCCell.h */ = {isa = PBXFileReference; fileEncoding = 4; lastKnownFileType = sourcecode.c.h; path = PnrListVCCell.h; sourceTree = "<group>"; };
		181196F42235EA9000450770 /* PnrListVC.h */ = {isa = PBXFileReference; fileEncoding = 4; lastKnownFileType = sourcecode.c.h; path = PnrListVC.h; sourceTree = "<group>"; };
		181196F52235EA9000450770 /* PnrListVCInteractor.m */ = {isa = PBXFileReference; fileEncoding = 4; lastKnownFileType = sourcecode.c.objc; path = PnrListVCInteractor.m; sourceTree = "<group>"; };
		181196F72235EA9000450770 /* PnrListVCRouter.m */ = {isa = PBXFileReference; fileEncoding = 4; lastKnownFileType = sourcecode.c.objc; path = PnrListVCRouter.m; sourceTree = "<group>"; };
		181196F92235EA9000450770 /* PnrListVCPresenter.m */ = {isa = PBXFileReference; fileEncoding = 4; lastKnownFileType = sourcecode.c.objc; path = PnrListVCPresenter.m; sourceTree = "<group>"; };
		181196FD2235EA9000450770 /* PnrEntity.h */ = {isa = PBXFileReference; fileEncoding = 4; lastKnownFileType = sourcecode.c.h; path = PnrEntity.h; sourceTree = "<group>"; };
		181196FE2235EA9000450770 /* PnrPortEntity.m */ = {isa = PBXFileReference; fileEncoding = 4; lastKnownFileType = sourcecode.c.objc; path = PnrPortEntity.m; sourceTree = "<group>"; };
		181197002235EA9000450770 /* PnrPortEntity.h */ = {isa = PBXFileReference; fileEncoding = 4; lastKnownFileType = sourcecode.c.h; path = PnrPortEntity.h; sourceTree = "<group>"; };
		181197012235EA9000450770 /* PnrEntity.m */ = {isa = PBXFileReference; fileEncoding = 4; lastKnownFileType = sourcecode.c.objc; path = PnrEntity.m; sourceTree = "<group>"; };
		181197052235EA9000450770 /* PnrDetailVC.h */ = {isa = PBXFileReference; fileEncoding = 4; lastKnownFileType = sourcecode.c.h; path = PnrDetailVC.h; sourceTree = "<group>"; };
		181197062235EA9000450770 /* PnrDetailVCInteractor.m */ = {isa = PBXFileReference; fileEncoding = 4; lastKnownFileType = sourcecode.c.objc; path = PnrDetailVCInteractor.m; sourceTree = "<group>"; };
		181197072235EA9000450770 /* PnrDetailVCPresenter.h */ = {isa = PBXFileReference; fileEncoding = 4; lastKnownFileType = sourcecode.c.h; path = PnrDetailVCPresenter.h; sourceTree = "<group>"; };
		181197082235EA9000450770 /* PnrDetailCell.m */ = {isa = PBXFileReference; fileEncoding = 4; lastKnownFileType = sourcecode.c.objc; path = PnrDetailCell.m; sourceTree = "<group>"; };
		181197092235EA9000450770 /* PnrDetailVCRouter.m */ = {isa = PBXFileReference; fileEncoding = 4; lastKnownFileType = sourcecode.c.objc; path = PnrDetailVCRouter.m; sourceTree = "<group>"; };
		1811970A2235EA9000450770 /* PnrDetailVC.m */ = {isa = PBXFileReference; fileEncoding = 4; lastKnownFileType = sourcecode.c.objc; path = PnrDetailVC.m; sourceTree = "<group>"; };
		1811970B2235EA9000450770 /* PnrDetailVCInteractor.h */ = {isa = PBXFileReference; fileEncoding = 4; lastKnownFileType = sourcecode.c.h; path = PnrDetailVCInteractor.h; sourceTree = "<group>"; };
		1811970C2235EA9000450770 /* PnrDetailVCPresenter.m */ = {isa = PBXFileReference; fileEncoding = 4; lastKnownFileType = sourcecode.c.objc; path = PnrDetailVCPresenter.m; sourceTree = "<group>"; };
		1811970D2235EA9000450770 /* PnrDetailVCProtocol.h */ = {isa = PBXFileReference; fileEncoding = 4; lastKnownFileType = sourcecode.c.h; path = PnrDetailVCProtocol.h; sourceTree = "<group>"; };
		1811970E2235EA9000450770 /* PnrDetailCell.h */ = {isa = PBXFileReference; fileEncoding = 4; lastKnownFileType = sourcecode.c.h; path = PnrDetailCell.h; sourceTree = "<group>"; };
		1811970F2235EA9000450770 /* PnrDetailVCRouter.h */ = {isa = PBXFileReference; fileEncoding = 4; lastKnownFileType = sourcecode.c.h; path = PnrDetailVCRouter.h; sourceTree = "<group>"; };
		1811972122364DA900450770 /* PnrPrefix.h */ = {isa = PBXFileReference; lastKnownFileType = sourcecode.c.h; path = PnrPrefix.h; sourceTree = "<group>"; };
		18D5508B21B62E7D00C62BB8 /* PoporNetRecord_Example.entitlements */ = {isa = PBXFileReference; lastKnownFileType = text.plist.entitlements; path = PoporNetRecord_Example.entitlements; sourceTree = SOURCE_ROOT; };
		18DDDA75223B77F400307E32 /* PnrWebJs.m */ = {isa = PBXFileReference; fileEncoding = 4; lastKnownFileType = sourcecode.c.objc; path = PnrWebJs.m; sourceTree = "<group>"; };
		18DDDA76223B77F400307E32 /* PnrWebServer.m */ = {isa = PBXFileReference; fileEncoding = 4; lastKnownFileType = sourcecode.c.objc; path = PnrWebServer.m; sourceTree = "<group>"; };
		18DDDA77223B77F400307E32 /* PnrWebCss.m */ = {isa = PBXFileReference; fileEncoding = 4; lastKnownFileType = sourcecode.c.objc; path = PnrWebCss.m; sourceTree = "<group>"; };
		18DDDA78223B77F400307E32 /* PnrWebJs.h */ = {isa = PBXFileReference; fileEncoding = 4; lastKnownFileType = sourcecode.c.h; path = PnrWebJs.h; sourceTree = "<group>"; };
		18DDDA79223B77F400307E32 /* PnrWebServer.h */ = {isa = PBXFileReference; fileEncoding = 4; lastKnownFileType = sourcecode.c.h; path = PnrWebServer.h; sourceTree = "<group>"; };
		18DDDA7A223B77F400307E32 /* PnrWebCss.h */ = {isa = PBXFileReference; fileEncoding = 4; lastKnownFileType = sourcecode.c.h; path = PnrWebCss.h; sourceTree = "<group>"; };
		18DDDA7E223B78B200307E32 /* PnrWebBody.h */ = {isa = PBXFileReference; lastKnownFileType = sourcecode.c.h; path = PnrWebBody.h; sourceTree = "<group>"; };
		18DDDA7F223B78B200307E32 /* PnrWebBody.m */ = {isa = PBXFileReference; lastKnownFileType = sourcecode.c.objc; path = PnrWebBody.m; sourceTree = "<group>"; };
		18DDDA84223B976200307E32 /* PnrConfig.h */ = {isa = PBXFileReference; fileEncoding = 4; lastKnownFileType = sourcecode.c.h; path = PnrConfig.h; sourceTree = "<group>"; };
		18DDDA85223B976200307E32 /* PnrConfig.m */ = {isa = PBXFileReference; fileEncoding = 4; lastKnownFileType = sourcecode.c.objc; path = PnrConfig.m; sourceTree = "<group>"; };
		18DDDA88223B9BBB00307E32 /* PnrView.h */ = {isa = PBXFileReference; fileEncoding = 4; lastKnownFileType = sourcecode.c.h; path = PnrView.h; sourceTree = "<group>"; };
		18DDDA89223B9BBB00307E32 /* PoporNetRecord.m */ = {isa = PBXFileReference; fileEncoding = 4; lastKnownFileType = sourcecode.c.objc; path = PoporNetRecord.m; sourceTree = "<group>"; };
		18DDDA8A223B9BBB00307E32 /* PnrView.m */ = {isa = PBXFileReference; fileEncoding = 4; lastKnownFileType = sourcecode.c.objc; path = PnrView.m; sourceTree = "<group>"; };
		18DDDA8B223B9BBB00307E32 /* PoporNetRecord.h */ = {isa = PBXFileReference; fileEncoding = 4; lastKnownFileType = sourcecode.c.h; path = PoporNetRecord.h; sourceTree = "<group>"; };
		24374E9BC3CE466EB155DAC4 /* Pods_PoporNetRecord_Example.framework */ = {isa = PBXFileReference; explicitFileType = wrapper.framework; includeInIndex = 0; path = Pods_PoporNetRecord_Example.framework; sourceTree = BUILT_PRODUCTS_DIR; };
		5E592CE1D5F5896002C41A91 /* Pods-PoporNetRecord_Tests.debug.xcconfig */ = {isa = PBXFileReference; includeInIndex = 1; lastKnownFileType = text.xcconfig; name = "Pods-PoporNetRecord_Tests.debug.xcconfig"; path = "Pods/Target Support Files/Pods-PoporNetRecord_Tests/Pods-PoporNetRecord_Tests.debug.xcconfig"; sourceTree = "<group>"; };
		6003F58A195388D20070C39A /* PoporNetRecord_Example.app */ = {isa = PBXFileReference; explicitFileType = wrapper.application; includeInIndex = 0; path = PoporNetRecord_Example.app; sourceTree = BUILT_PRODUCTS_DIR; };
		6003F58D195388D20070C39A /* Foundation.framework */ = {isa = PBXFileReference; lastKnownFileType = wrapper.framework; name = Foundation.framework; path = System/Library/Frameworks/Foundation.framework; sourceTree = SDKROOT; };
		6003F58F195388D20070C39A /* CoreGraphics.framework */ = {isa = PBXFileReference; lastKnownFileType = wrapper.framework; name = CoreGraphics.framework; path = System/Library/Frameworks/CoreGraphics.framework; sourceTree = SDKROOT; };
		6003F591195388D20070C39A /* UIKit.framework */ = {isa = PBXFileReference; lastKnownFileType = wrapper.framework; name = UIKit.framework; path = System/Library/Frameworks/UIKit.framework; sourceTree = SDKROOT; };
		6003F595195388D20070C39A /* PoporNetRecord-Info.plist */ = {isa = PBXFileReference; lastKnownFileType = text.plist.xml; path = "PoporNetRecord-Info.plist"; sourceTree = "<group>"; };
		6003F597195388D20070C39A /* en */ = {isa = PBXFileReference; lastKnownFileType = text.plist.strings; name = en; path = en.lproj/InfoPlist.strings; sourceTree = "<group>"; };
		6003F599195388D20070C39A /* main.m */ = {isa = PBXFileReference; lastKnownFileType = sourcecode.c.objc; path = main.m; sourceTree = "<group>"; };
		6003F59B195388D20070C39A /* PoporNetRecord-Prefix.pch */ = {isa = PBXFileReference; lastKnownFileType = sourcecode.c.h; path = "PoporNetRecord-Prefix.pch"; sourceTree = "<group>"; };
		6003F59C195388D20070C39A /* PoporNetRecordAppDelegate.h */ = {isa = PBXFileReference; lastKnownFileType = sourcecode.c.h; path = PoporNetRecordAppDelegate.h; sourceTree = "<group>"; };
		6003F59D195388D20070C39A /* PoporNetRecordAppDelegate.m */ = {isa = PBXFileReference; lastKnownFileType = sourcecode.c.objc; path = PoporNetRecordAppDelegate.m; sourceTree = "<group>"; };
		6003F5A5195388D20070C39A /* PoporNetRecordViewController.h */ = {isa = PBXFileReference; lastKnownFileType = sourcecode.c.h; path = PoporNetRecordViewController.h; sourceTree = "<group>"; };
		6003F5A6195388D20070C39A /* PoporNetRecordViewController.m */ = {isa = PBXFileReference; lastKnownFileType = sourcecode.c.objc; path = PoporNetRecordViewController.m; sourceTree = "<group>"; };
		6003F5A8195388D20070C39A /* Images.xcassets */ = {isa = PBXFileReference; lastKnownFileType = folder.assetcatalog; path = Images.xcassets; sourceTree = "<group>"; };
		6003F5AE195388D20070C39A /* PoporNetRecord_Tests.xctest */ = {isa = PBXFileReference; explicitFileType = wrapper.cfbundle; includeInIndex = 0; path = PoporNetRecord_Tests.xctest; sourceTree = BUILT_PRODUCTS_DIR; };
		6003F5AF195388D20070C39A /* XCTest.framework */ = {isa = PBXFileReference; lastKnownFileType = wrapper.framework; name = XCTest.framework; path = Library/Frameworks/XCTest.framework; sourceTree = DEVELOPER_DIR; };
		6003F5B7195388D20070C39A /* Tests-Info.plist */ = {isa = PBXFileReference; lastKnownFileType = text.plist.xml; path = "Tests-Info.plist"; sourceTree = "<group>"; };
		6003F5B9195388D20070C39A /* en */ = {isa = PBXFileReference; lastKnownFileType = text.plist.strings; name = en; path = en.lproj/InfoPlist.strings; sourceTree = "<group>"; };
		6003F5BB195388D20070C39A /* Tests.m */ = {isa = PBXFileReference; lastKnownFileType = sourcecode.c.objc; path = Tests.m; sourceTree = "<group>"; };
		606FC2411953D9B200FFA9A0 /* Tests-Prefix.pch */ = {isa = PBXFileReference; lastKnownFileType = sourcecode.c.h; path = "Tests-Prefix.pch"; sourceTree = "<group>"; };
		6DD9B440CD1F40E8550E7DBE /* Pods-PoporNetRecord_Example.debug.xcconfig */ = {isa = PBXFileReference; includeInIndex = 1; lastKnownFileType = text.xcconfig; name = "Pods-PoporNetRecord_Example.debug.xcconfig"; path = "Pods/Target Support Files/Pods-PoporNetRecord_Example/Pods-PoporNetRecord_Example.debug.xcconfig"; sourceTree = "<group>"; };
		71719F9E1E33DC2100824A3D /* Base */ = {isa = PBXFileReference; lastKnownFileType = file.storyboard; name = Base; path = Base.lproj/LaunchScreen.storyboard; sourceTree = "<group>"; };
		873B8AEA1B1F5CCA007FD442 /* Main.storyboard */ = {isa = PBXFileReference; fileEncoding = 4; lastKnownFileType = file.storyboard; path = Main.storyboard; sourceTree = "<group>"; };
		B098AAD3598967FAFDC59C29 /* Pods-PoporNetRecord_Tests.release.xcconfig */ = {isa = PBXFileReference; includeInIndex = 1; lastKnownFileType = text.xcconfig; name = "Pods-PoporNetRecord_Tests.release.xcconfig"; path = "Pods/Target Support Files/Pods-PoporNetRecord_Tests/Pods-PoporNetRecord_Tests.release.xcconfig"; sourceTree = "<group>"; };
		B54FDF2E9F1AD7E2BC2F1FAC /* Pods-PoporNetRecord_Example.release.xcconfig */ = {isa = PBXFileReference; includeInIndex = 1; lastKnownFileType = text.xcconfig; name = "Pods-PoporNetRecord_Example.release.xcconfig"; path = "Pods/Target Support Files/Pods-PoporNetRecord_Example/Pods-PoporNetRecord_Example.release.xcconfig"; sourceTree = "<group>"; };
		C509AAC82787E54A103F513A /* Pods_PoporNetRecord_Tests.framework */ = {isa = PBXFileReference; explicitFileType = wrapper.framework; includeInIndex = 0; path = Pods_PoporNetRecord_Tests.framework; sourceTree = BUILT_PRODUCTS_DIR; };
		CA9C088BB4DE3CAED2D195E3 /* README.md */ = {isa = PBXFileReference; includeInIndex = 1; lastKnownFileType = net.daringfireball.markdown; name = README.md; path = ../README.md; sourceTree = "<group>"; };
		D9A5762139676309C0F84DAF /* PoporNetRecord.podspec */ = {isa = PBXFileReference; includeInIndex = 1; lastKnownFileType = text; name = PoporNetRecord.podspec; path = ../PoporNetRecord.podspec; sourceTree = "<group>"; xcLanguageSpecificationIdentifier = xcode.lang.ruby; };
		FAE6EE24A35F6B4331FA57F1 /* LICENSE */ = {isa = PBXFileReference; includeInIndex = 1; lastKnownFileType = text; name = LICENSE; path = ../LICENSE; sourceTree = "<group>"; };
/* End PBXFileReference section */

/* Begin PBXFrameworksBuildPhase section */
		6003F587195388D20070C39A /* Frameworks */ = {
			isa = PBXFrameworksBuildPhase;
			buildActionMask = 2147483647;
			files = (
				6003F590195388D20070C39A /* CoreGraphics.framework in Frameworks */,
				6003F592195388D20070C39A /* UIKit.framework in Frameworks */,
				6003F58E195388D20070C39A /* Foundation.framework in Frameworks */,
				7BE162A926C809108AC4C70B /* Pods_PoporNetRecord_Example.framework in Frameworks */,
			);
			runOnlyForDeploymentPostprocessing = 0;
		};
		6003F5AB195388D20070C39A /* Frameworks */ = {
			isa = PBXFrameworksBuildPhase;
			buildActionMask = 2147483647;
			files = (
				6003F5B0195388D20070C39A /* XCTest.framework in Frameworks */,
				6003F5B2195388D20070C39A /* UIKit.framework in Frameworks */,
				6003F5B1195388D20070C39A /* Foundation.framework in Frameworks */,
				8FBC75C6408F56EE00F2F33D /* Pods_PoporNetRecord_Tests.framework in Frameworks */,
			);
			runOnlyForDeploymentPostprocessing = 0;
		};
/* End PBXFrameworksBuildPhase section */

/* Begin PBXGroup section */
		181196E92235EA9000450770 /* Classes */ = {
			isa = PBXGroup;
			children = (
				18DDDA87223B9BBB00307E32 /* Record */,
				181196EA2235EA9000450770 /* ListVC */,
				181197042235EA9000450770 /* DetailVC */,
				18DDDA74223B77F400307E32 /* Web */,
				181196FA2235EA9000450770 /* Entity */,
			);
			path = Classes;
			sourceTree = "<group>";
		};
		181196EA2235EA9000450770 /* ListVC */ = {
			isa = PBXGroup;
			children = (
				181196F42235EA9000450770 /* PnrListVC.h */,
				181196EB2235EA9000450770 /* PnrListVC.m */,
				181196F02235EA9000450770 /* PnrListVCProtocol.h */,
				181196F32235EA9000450770 /* PnrListVCCell.h */,
				181196EC2235EA9000450770 /* PnrListVCCell.m */,
				181196F12235EA9000450770 /* PnrListVCPresenter.h */,
				181196F92235EA9000450770 /* PnrListVCPresenter.m */,
				181196EF2235EA9000450770 /* PnrListVCInteractor.h */,
				181196F52235EA9000450770 /* PnrListVCInteractor.m */,
				181196ED2235EA9000450770 /* PnrListVCRouter.h */,
				181196F72235EA9000450770 /* PnrListVCRouter.m */,
			);
			path = ListVC;
			sourceTree = "<group>";
		};
		181196FA2235EA9000450770 /* Entity */ = {
			isa = PBXGroup;
			children = (
				1811972122364DA900450770 /* PnrPrefix.h */,
				18DDDA84223B976200307E32 /* PnrConfig.h */,
				18DDDA85223B976200307E32 /* PnrConfig.m */,
				181197002235EA9000450770 /* PnrPortEntity.h */,
				181196FE2235EA9000450770 /* PnrPortEntity.m */,
				181196FD2235EA9000450770 /* PnrEntity.h */,
				181197012235EA9000450770 /* PnrEntity.m */,
			);
			path = Entity;
			sourceTree = "<group>";
		};
		181197042235EA9000450770 /* DetailVC */ = {
			isa = PBXGroup;
			children = (
				181197052235EA9000450770 /* PnrDetailVC.h */,
				1811970A2235EA9000450770 /* PnrDetailVC.m */,
				1811970D2235EA9000450770 /* PnrDetailVCProtocol.h */,
				1811970E2235EA9000450770 /* PnrDetailCell.h */,
				181197082235EA9000450770 /* PnrDetailCell.m */,
				181197072235EA9000450770 /* PnrDetailVCPresenter.h */,
				1811970C2235EA9000450770 /* PnrDetailVCPresenter.m */,
				1811970B2235EA9000450770 /* PnrDetailVCInteractor.h */,
				181197062235EA9000450770 /* PnrDetailVCInteractor.m */,
				1811970F2235EA9000450770 /* PnrDetailVCRouter.h */,
				181197092235EA9000450770 /* PnrDetailVCRouter.m */,
			);
			path = DetailVC;
			sourceTree = "<group>";
		};
		18DDDA74223B77F400307E32 /* Web */ = {
			isa = PBXGroup;
			children = (
				18DDDA79223B77F400307E32 /* PnrWebServer.h */,
				18DDDA76223B77F400307E32 /* PnrWebServer.m */,
				18DDDA7E223B78B200307E32 /* PnrWebBody.h */,
				18DDDA7F223B78B200307E32 /* PnrWebBody.m */,
				18DDDA78223B77F400307E32 /* PnrWebJs.h */,
				18DDDA75223B77F400307E32 /* PnrWebJs.m */,
				18DDDA7A223B77F400307E32 /* PnrWebCss.h */,
				18DDDA77223B77F400307E32 /* PnrWebCss.m */,
			);
			path = Web;
			sourceTree = "<group>";
		};
		18DDDA87223B9BBB00307E32 /* Record */ = {
			isa = PBXGroup;
			children = (
				18DDDA88223B9BBB00307E32 /* PnrView.h */,
				18DDDA8A223B9BBB00307E32 /* PnrView.m */,
				18DDDA8B223B9BBB00307E32 /* PoporNetRecord.h */,
				18DDDA89223B9BBB00307E32 /* PoporNetRecord.m */,
			);
			path = Record;
			sourceTree = "<group>";
		};
		18E6E71820EF585F002CA49B /* other */ = {
			isa = PBXGroup;
			children = (
				6003F59C195388D20070C39A /* PoporNetRecordAppDelegate.h */,
				6003F59D195388D20070C39A /* PoporNetRecordAppDelegate.m */,
				18D5508B21B62E7D00C62BB8 /* PoporNetRecord_Example.entitlements */,
				873B8AEA1B1F5CCA007FD442 /* Main.storyboard */,
				71719F9D1E33DC2100824A3D /* LaunchScreen.storyboard */,
				6003F5A8195388D20070C39A /* Images.xcassets */,
				6003F594195388D20070C39A /* Supporting Files */,
			);
			name = other;
			sourceTree = "<group>";
		};
		6003F581195388D10070C39A = {
			isa = PBXGroup;
			children = (
				181196E92235EA9000450770 /* Classes */,
				60FF7A9C1954A5C5007DD14C /* Podspec Metadata */,
				6003F593195388D20070C39A /* Example for PoporNetRecord */,
				6003F5B5195388D20070C39A /* Tests */,
				6003F58C195388D20070C39A /* Frameworks */,
				6003F58B195388D20070C39A /* Products */,
				74D30A43FFB7F05758E76128 /* Pods */,
			);
			sourceTree = "<group>";
		};
		6003F58B195388D20070C39A /* Products */ = {
			isa = PBXGroup;
			children = (
				6003F58A195388D20070C39A /* PoporNetRecord_Example.app */,
				6003F5AE195388D20070C39A /* PoporNetRecord_Tests.xctest */,
			);
			name = Products;
			sourceTree = "<group>";
		};
		6003F58C195388D20070C39A /* Frameworks */ = {
			isa = PBXGroup;
			children = (
				6003F58D195388D20070C39A /* Foundation.framework */,
				6003F58F195388D20070C39A /* CoreGraphics.framework */,
				6003F591195388D20070C39A /* UIKit.framework */,
				6003F5AF195388D20070C39A /* XCTest.framework */,
				24374E9BC3CE466EB155DAC4 /* Pods_PoporNetRecord_Example.framework */,
				C509AAC82787E54A103F513A /* Pods_PoporNetRecord_Tests.framework */,
			);
			name = Frameworks;
			sourceTree = "<group>";
		};
		6003F593195388D20070C39A /* Example for PoporNetRecord */ = {
			isa = PBXGroup;
			children = (
				18E6E71820EF585F002CA49B /* other */,
				6003F5A5195388D20070C39A /* PoporNetRecordViewController.h */,
				6003F5A6195388D20070C39A /* PoporNetRecordViewController.m */,
			);
			name = "Example for PoporNetRecord";
			path = PoporNetRecord;
			sourceTree = "<group>";
		};
		6003F594195388D20070C39A /* Supporting Files */ = {
			isa = PBXGroup;
			children = (
				6003F595195388D20070C39A /* PoporNetRecord-Info.plist */,
				6003F596195388D20070C39A /* InfoPlist.strings */,
				6003F599195388D20070C39A /* main.m */,
				6003F59B195388D20070C39A /* PoporNetRecord-Prefix.pch */,
			);
			name = "Supporting Files";
			sourceTree = "<group>";
		};
		6003F5B5195388D20070C39A /* Tests */ = {
			isa = PBXGroup;
			children = (
				6003F5BB195388D20070C39A /* Tests.m */,
				6003F5B6195388D20070C39A /* Supporting Files */,
			);
			path = Tests;
			sourceTree = "<group>";
		};
		6003F5B6195388D20070C39A /* Supporting Files */ = {
			isa = PBXGroup;
			children = (
				6003F5B7195388D20070C39A /* Tests-Info.plist */,
				6003F5B8195388D20070C39A /* InfoPlist.strings */,
				606FC2411953D9B200FFA9A0 /* Tests-Prefix.pch */,
			);
			name = "Supporting Files";
			sourceTree = "<group>";
		};
		60FF7A9C1954A5C5007DD14C /* Podspec Metadata */ = {
			isa = PBXGroup;
			children = (
				D9A5762139676309C0F84DAF /* PoporNetRecord.podspec */,
				CA9C088BB4DE3CAED2D195E3 /* README.md */,
				FAE6EE24A35F6B4331FA57F1 /* LICENSE */,
			);
			name = "Podspec Metadata";
			sourceTree = "<group>";
		};
		74D30A43FFB7F05758E76128 /* Pods */ = {
			isa = PBXGroup;
			children = (
				6DD9B440CD1F40E8550E7DBE /* Pods-PoporNetRecord_Example.debug.xcconfig */,
				B54FDF2E9F1AD7E2BC2F1FAC /* Pods-PoporNetRecord_Example.release.xcconfig */,
				5E592CE1D5F5896002C41A91 /* Pods-PoporNetRecord_Tests.debug.xcconfig */,
				B098AAD3598967FAFDC59C29 /* Pods-PoporNetRecord_Tests.release.xcconfig */,
			);
			name = Pods;
			sourceTree = "<group>";
		};
/* End PBXGroup section */

/* Begin PBXNativeTarget section */
		6003F589195388D20070C39A /* PoporNetRecord_Example */ = {
			isa = PBXNativeTarget;
			buildConfigurationList = 6003F5BF195388D20070C39A /* Build configuration list for PBXNativeTarget "PoporNetRecord_Example" */;
			buildPhases = (
				166E7E6F34787809B73E3BE0 /* [CP] Check Pods Manifest.lock */,
				6003F586195388D20070C39A /* Sources */,
				6003F587195388D20070C39A /* Frameworks */,
				6003F588195388D20070C39A /* Resources */,
				F32572D0FC1012E8E056AE3A /* [CP] Embed Pods Frameworks */,
			);
			buildRules = (
			);
			dependencies = (
			);
			name = PoporNetRecord_Example;
			productName = PoporNetRecord;
			productReference = 6003F58A195388D20070C39A /* PoporNetRecord_Example.app */;
			productType = "com.apple.product-type.application";
		};
		6003F5AD195388D20070C39A /* PoporNetRecord_Tests */ = {
			isa = PBXNativeTarget;
			buildConfigurationList = 6003F5C2195388D20070C39A /* Build configuration list for PBXNativeTarget "PoporNetRecord_Tests" */;
			buildPhases = (
				87284DC9E509B0D178D4A3E9 /* [CP] Check Pods Manifest.lock */,
				6003F5AA195388D20070C39A /* Sources */,
				6003F5AB195388D20070C39A /* Frameworks */,
				6003F5AC195388D20070C39A /* Resources */,
			);
			buildRules = (
			);
			dependencies = (
				6003F5B4195388D20070C39A /* PBXTargetDependency */,
			);
			name = PoporNetRecord_Tests;
			productName = PoporNetRecordTests;
			productReference = 6003F5AE195388D20070C39A /* PoporNetRecord_Tests.xctest */;
			productType = "com.apple.product-type.bundle.unit-test";
		};
/* End PBXNativeTarget section */

/* Begin PBXProject section */
		6003F582195388D10070C39A /* Project object */ = {
			isa = PBXProject;
			attributes = {
				CLASSPREFIX = PoporNetRecord;
				LastUpgradeCheck = 0720;
				ORGANIZATIONNAME = wangkq;
				TargetAttributes = {
					6003F589195388D20070C39A = {
						DevelopmentTeam = 6SK6RQ8S8Q;
						SystemCapabilities = {
							com.apple.AccessWiFi = {
								enabled = 1;
							};
						};
					};
					6003F5AD195388D20070C39A = {
						TestTargetID = 6003F589195388D20070C39A;
					};
				};
			};
			buildConfigurationList = 6003F585195388D10070C39A /* Build configuration list for PBXProject "PoporNetRecord" */;
			compatibilityVersion = "Xcode 3.2";
			developmentRegion = English;
			hasScannedForEncodings = 0;
			knownRegions = (
				en,
				Base,
			);
			mainGroup = 6003F581195388D10070C39A;
			productRefGroup = 6003F58B195388D20070C39A /* Products */;
			projectDirPath = "";
			projectRoot = "";
			targets = (
				6003F589195388D20070C39A /* PoporNetRecord_Example */,
				6003F5AD195388D20070C39A /* PoporNetRecord_Tests */,
			);
		};
/* End PBXProject section */

/* Begin PBXResourcesBuildPhase section */
		6003F588195388D20070C39A /* Resources */ = {
			isa = PBXResourcesBuildPhase;
			buildActionMask = 2147483647;
			files = (
				873B8AEB1B1F5CCA007FD442 /* Main.storyboard in Resources */,
				71719F9F1E33DC2100824A3D /* LaunchScreen.storyboard in Resources */,
				6003F5A9195388D20070C39A /* Images.xcassets in Resources */,
				6003F598195388D20070C39A /* InfoPlist.strings in Resources */,
			);
			runOnlyForDeploymentPostprocessing = 0;
		};
		6003F5AC195388D20070C39A /* Resources */ = {
			isa = PBXResourcesBuildPhase;
			buildActionMask = 2147483647;
			files = (
				6003F5BA195388D20070C39A /* InfoPlist.strings in Resources */,
			);
			runOnlyForDeploymentPostprocessing = 0;
		};
/* End PBXResourcesBuildPhase section */

/* Begin PBXShellScriptBuildPhase section */
		166E7E6F34787809B73E3BE0 /* [CP] Check Pods Manifest.lock */ = {
			isa = PBXShellScriptBuildPhase;
			buildActionMask = 2147483647;
			files = (
			);
			inputPaths = (
				"${PODS_PODFILE_DIR_PATH}/Podfile.lock",
				"${PODS_ROOT}/Manifest.lock",
			);
			name = "[CP] Check Pods Manifest.lock";
			outputPaths = (
				"$(DERIVED_FILE_DIR)/Pods-PoporNetRecord_Example-checkManifestLockResult.txt",
			);
			runOnlyForDeploymentPostprocessing = 0;
			shellPath = /bin/sh;
			shellScript = "diff \"${PODS_PODFILE_DIR_PATH}/Podfile.lock\" \"${PODS_ROOT}/Manifest.lock\" > /dev/null\nif [ $? != 0 ] ; then\n    # print error to STDERR\n    echo \"error: The sandbox is not in sync with the Podfile.lock. Run 'pod install' or update your CocoaPods installation.\" >&2\n    exit 1\nfi\n# This output is used by Xcode 'outputs' to avoid re-running this script phase.\necho \"SUCCESS\" > \"${SCRIPT_OUTPUT_FILE_0}\"\n";
			showEnvVarsInLog = 0;
		};
		87284DC9E509B0D178D4A3E9 /* [CP] Check Pods Manifest.lock */ = {
			isa = PBXShellScriptBuildPhase;
			buildActionMask = 2147483647;
			files = (
			);
			inputPaths = (
				"${PODS_PODFILE_DIR_PATH}/Podfile.lock",
				"${PODS_ROOT}/Manifest.lock",
			);
			name = "[CP] Check Pods Manifest.lock";
			outputPaths = (
				"$(DERIVED_FILE_DIR)/Pods-PoporNetRecord_Tests-checkManifestLockResult.txt",
			);
			runOnlyForDeploymentPostprocessing = 0;
			shellPath = /bin/sh;
			shellScript = "diff \"${PODS_PODFILE_DIR_PATH}/Podfile.lock\" \"${PODS_ROOT}/Manifest.lock\" > /dev/null\nif [ $? != 0 ] ; then\n    # print error to STDERR\n    echo \"error: The sandbox is not in sync with the Podfile.lock. Run 'pod install' or update your CocoaPods installation.\" >&2\n    exit 1\nfi\n# This output is used by Xcode 'outputs' to avoid re-running this script phase.\necho \"SUCCESS\" > \"${SCRIPT_OUTPUT_FILE_0}\"\n";
			showEnvVarsInLog = 0;
		};
		F32572D0FC1012E8E056AE3A /* [CP] Embed Pods Frameworks */ = {
			isa = PBXShellScriptBuildPhase;
			buildActionMask = 2147483647;
			files = (
			);
			inputPaths = (
				"${PODS_ROOT}/Target Support Files/Pods-PoporNetRecord_Example/Pods-PoporNetRecord_Example-frameworks.sh",
				"${BUILT_PRODUCTS_DIR}/GCDWebServer/GCDWebServer.framework",
				"${BUILT_PRODUCTS_DIR}/JSONSyntaxHighlight/JSONSyntaxHighlight.framework",
				"${BUILT_PRODUCTS_DIR}/Masonry/Masonry.framework",
				"${BUILT_PRODUCTS_DIR}/PoporAlertBubbleView/PoporAlertBubbleView.framework",
				"${BUILT_PRODUCTS_DIR}/PoporFoundation/PoporFoundation.framework",
				"${BUILT_PRODUCTS_DIR}/PoporNetRecord/PoporNetRecord.framework",
				"${BUILT_PRODUCTS_DIR}/PoporUI/PoporUI.framework",
			);
			name = "[CP] Embed Pods Frameworks";
			outputPaths = (
				"${TARGET_BUILD_DIR}/${FRAMEWORKS_FOLDER_PATH}/GCDWebServer.framework",
				"${TARGET_BUILD_DIR}/${FRAMEWORKS_FOLDER_PATH}/JSONSyntaxHighlight.framework",
				"${TARGET_BUILD_DIR}/${FRAMEWORKS_FOLDER_PATH}/Masonry.framework",
				"${TARGET_BUILD_DIR}/${FRAMEWORKS_FOLDER_PATH}/PoporAlertBubbleView.framework",
				"${TARGET_BUILD_DIR}/${FRAMEWORKS_FOLDER_PATH}/PoporFoundation.framework",
				"${TARGET_BUILD_DIR}/${FRAMEWORKS_FOLDER_PATH}/PoporNetRecord.framework",
				"${TARGET_BUILD_DIR}/${FRAMEWORKS_FOLDER_PATH}/PoporUI.framework",
			);
			runOnlyForDeploymentPostprocessing = 0;
			shellPath = /bin/sh;
			shellScript = "\"${PODS_ROOT}/Target Support Files/Pods-PoporNetRecord_Example/Pods-PoporNetRecord_Example-frameworks.sh\"\n";
			showEnvVarsInLog = 0;
		};
/* End PBXShellScriptBuildPhase section */

/* Begin PBXSourcesBuildPhase section */
		6003F586195388D20070C39A /* Sources */ = {
			isa = PBXSourcesBuildPhase;
			buildActionMask = 2147483647;
			files = (
				18DDDA7C223B77F400307E32 /* PnrWebServer.m in Sources */,
				18DDDA80223B78B200307E32 /* PnrWebBody.m in Sources */,
				1811971C2235EA9000450770 /* PnrDetailVCInteractor.m in Sources */,
				18DDDA7D223B77F400307E32 /* PnrWebCss.m in Sources */,
				18DDDA86223B976200307E32 /* PnrConfig.m in Sources */,
				181197202235EA9000450770 /* PnrDetailVCPresenter.m in Sources */,
				1811971E2235EA9000450770 /* PnrDetailVCRouter.m in Sources */,
				18DDDA7B223B77F400307E32 /* PnrWebJs.m in Sources */,
				6003F59E195388D20070C39A /* PoporNetRecordAppDelegate.m in Sources */,
				181197132235EA9000450770 /* PnrListVCInteractor.m in Sources */,
				6003F5A7195388D20070C39A /* PoporNetRecordViewController.m in Sources */,
				181197112235EA9000450770 /* PnrListVCCell.m in Sources */,
				181197152235EA9000450770 /* PnrListVCRouter.m in Sources */,
				181197162235EA9000450770 /* PnrListVCPresenter.m in Sources */,
				18DDDA8D223B9BBB00307E32 /* PnrView.m in Sources */,
				18DDDA8C223B9BBB00307E32 /* PoporNetRecord.m in Sources */,
				181197182235EA9000450770 /* PnrPortEntity.m in Sources */,
				6003F59A195388D20070C39A /* main.m in Sources */,
				181197102235EA9000450770 /* PnrListVC.m in Sources */,
				1811971D2235EA9000450770 /* PnrDetailCell.m in Sources */,
				1811971F2235EA9000450770 /* PnrDetailVC.m in Sources */,
				181197192235EA9000450770 /* PnrEntity.m in Sources */,
			);
			runOnlyForDeploymentPostprocessing = 0;
		};
		6003F5AA195388D20070C39A /* Sources */ = {
			isa = PBXSourcesBuildPhase;
			buildActionMask = 2147483647;
			files = (
				6003F5BC195388D20070C39A /* Tests.m in Sources */,
			);
			runOnlyForDeploymentPostprocessing = 0;
		};
/* End PBXSourcesBuildPhase section */

/* Begin PBXTargetDependency section */
		6003F5B4195388D20070C39A /* PBXTargetDependency */ = {
			isa = PBXTargetDependency;
			target = 6003F589195388D20070C39A /* PoporNetRecord_Example */;
			targetProxy = 6003F5B3195388D20070C39A /* PBXContainerItemProxy */;
		};
/* End PBXTargetDependency section */

/* Begin PBXVariantGroup section */
		6003F596195388D20070C39A /* InfoPlist.strings */ = {
			isa = PBXVariantGroup;
			children = (
				6003F597195388D20070C39A /* en */,
			);
			name = InfoPlist.strings;
			sourceTree = "<group>";
		};
		6003F5B8195388D20070C39A /* InfoPlist.strings */ = {
			isa = PBXVariantGroup;
			children = (
				6003F5B9195388D20070C39A /* en */,
			);
			name = InfoPlist.strings;
			sourceTree = "<group>";
		};
		71719F9D1E33DC2100824A3D /* LaunchScreen.storyboard */ = {
			isa = PBXVariantGroup;
			children = (
				71719F9E1E33DC2100824A3D /* Base */,
			);
			name = LaunchScreen.storyboard;
			sourceTree = "<group>";
		};
/* End PBXVariantGroup section */

/* Begin XCBuildConfiguration section */
		6003F5BD195388D20070C39A /* Debug */ = {
			isa = XCBuildConfiguration;
			buildSettings = {
				ALWAYS_SEARCH_USER_PATHS = NO;
				CLANG_CXX_LANGUAGE_STANDARD = "gnu++0x";
				CLANG_CXX_LIBRARY = "libc++";
				CLANG_ENABLE_MODULES = YES;
				CLANG_ENABLE_OBJC_ARC = YES;
				CLANG_WARN_BOOL_CONVERSION = YES;
				CLANG_WARN_CONSTANT_CONVERSION = YES;
				CLANG_WARN_DIRECT_OBJC_ISA_USAGE = YES_ERROR;
				CLANG_WARN_EMPTY_BODY = YES;
				CLANG_WARN_ENUM_CONVERSION = YES;
				CLANG_WARN_INT_CONVERSION = YES;
				CLANG_WARN_OBJC_ROOT_CLASS = YES_ERROR;
				CLANG_WARN__DUPLICATE_METHOD_MATCH = YES;
				"CODE_SIGN_IDENTITY[sdk=iphoneos*]" = "iPhone Developer";
				COPY_PHASE_STRIP = NO;
				ENABLE_TESTABILITY = YES;
				GCC_C_LANGUAGE_STANDARD = gnu99;
				GCC_DYNAMIC_NO_PIC = NO;
				GCC_OPTIMIZATION_LEVEL = 0;
				GCC_PREPROCESSOR_DEFINITIONS = (
					"DEBUG=1",
					"$(inherited)",
				);
				GCC_SYMBOLS_PRIVATE_EXTERN = NO;
				GCC_WARN_64_TO_32_BIT_CONVERSION = YES;
				GCC_WARN_ABOUT_RETURN_TYPE = YES_ERROR;
				GCC_WARN_UNDECLARED_SELECTOR = YES;
				GCC_WARN_UNINITIALIZED_AUTOS = YES_AGGRESSIVE;
				GCC_WARN_UNUSED_FUNCTION = YES;
				GCC_WARN_UNUSED_VARIABLE = YES;
				IPHONEOS_DEPLOYMENT_TARGET = 9.3;
				ONLY_ACTIVE_ARCH = YES;
				SDKROOT = iphoneos;
				TARGETED_DEVICE_FAMILY = "1,2";
			};
			name = Debug;
		};
		6003F5BE195388D20070C39A /* Release */ = {
			isa = XCBuildConfiguration;
			buildSettings = {
				ALWAYS_SEARCH_USER_PATHS = NO;
				CLANG_CXX_LANGUAGE_STANDARD = "gnu++0x";
				CLANG_CXX_LIBRARY = "libc++";
				CLANG_ENABLE_MODULES = YES;
				CLANG_ENABLE_OBJC_ARC = YES;
				CLANG_WARN_BOOL_CONVERSION = YES;
				CLANG_WARN_CONSTANT_CONVERSION = YES;
				CLANG_WARN_DIRECT_OBJC_ISA_USAGE = YES_ERROR;
				CLANG_WARN_EMPTY_BODY = YES;
				CLANG_WARN_ENUM_CONVERSION = YES;
				CLANG_WARN_INT_CONVERSION = YES;
				CLANG_WARN_OBJC_ROOT_CLASS = YES_ERROR;
				CLANG_WARN__DUPLICATE_METHOD_MATCH = YES;
				"CODE_SIGN_IDENTITY[sdk=iphoneos*]" = "iPhone Developer";
				COPY_PHASE_STRIP = YES;
				ENABLE_NS_ASSERTIONS = NO;
				GCC_C_LANGUAGE_STANDARD = gnu99;
				GCC_WARN_64_TO_32_BIT_CONVERSION = YES;
				GCC_WARN_ABOUT_RETURN_TYPE = YES_ERROR;
				GCC_WARN_UNDECLARED_SELECTOR = YES;
				GCC_WARN_UNINITIALIZED_AUTOS = YES_AGGRESSIVE;
				GCC_WARN_UNUSED_FUNCTION = YES;
				GCC_WARN_UNUSED_VARIABLE = YES;
				IPHONEOS_DEPLOYMENT_TARGET = 9.3;
				SDKROOT = iphoneos;
				TARGETED_DEVICE_FAMILY = "1,2";
				VALIDATE_PRODUCT = YES;
			};
			name = Release;
		};
		6003F5C0195388D20070C39A /* Debug */ = {
			isa = XCBuildConfiguration;
			baseConfigurationReference = 6DD9B440CD1F40E8550E7DBE /* Pods-PoporNetRecord_Example.debug.xcconfig */;
			buildSettings = {
				ASSETCATALOG_COMPILER_APPICON_NAME = AppIcon;
				CODE_SIGN_ENTITLEMENTS = PoporNetRecord_Example.entitlements;
				DEVELOPMENT_TEAM = 6SK6RQ8S8Q;
				GCC_PRECOMPILE_PREFIX_HEADER = YES;
				GCC_PREFIX_HEADER = "PoporNetRecord/PoporNetRecord-Prefix.pch";
				INFOPLIST_FILE = "PoporNetRecord/PoporNetRecord-Info.plist";
				MODULE_NAME = ExampleApp;
				PRODUCT_BUNDLE_IDENTIFIER = com.ifcar99.wkq;
				PRODUCT_NAME = "$(TARGET_NAME)";
				WRAPPER_EXTENSION = app;
			};
			name = Debug;
		};
		6003F5C1195388D20070C39A /* Release */ = {
			isa = XCBuildConfiguration;
			baseConfigurationReference = B54FDF2E9F1AD7E2BC2F1FAC /* Pods-PoporNetRecord_Example.release.xcconfig */;
			buildSettings = {
				ASSETCATALOG_COMPILER_APPICON_NAME = AppIcon;
				CODE_SIGN_ENTITLEMENTS = PoporNetRecord_Example.entitlements;
				DEVELOPMENT_TEAM = 6SK6RQ8S8Q;
				GCC_PRECOMPILE_PREFIX_HEADER = YES;
				GCC_PREFIX_HEADER = "PoporNetRecord/PoporNetRecord-Prefix.pch";
				INFOPLIST_FILE = "PoporNetRecord/PoporNetRecord-Info.plist";
				MODULE_NAME = ExampleApp;
				PRODUCT_BUNDLE_IDENTIFIER = com.ifcar99.wkq;
				PRODUCT_NAME = "$(TARGET_NAME)";
				WRAPPER_EXTENSION = app;
			};
			name = Release;
		};
		6003F5C3195388D20070C39A /* Debug */ = {
			isa = XCBuildConfiguration;
			baseConfigurationReference = 5E592CE1D5F5896002C41A91 /* Pods-PoporNetRecord_Tests.debug.xcconfig */;
			buildSettings = {
				BUNDLE_LOADER = "$(TEST_HOST)";
				FRAMEWORK_SEARCH_PATHS = (
					"$(SDKROOT)/Developer/Library/Frameworks",
					"$(inherited)",
					"$(DEVELOPER_FRAMEWORKS_DIR)",
				);
				GCC_PRECOMPILE_PREFIX_HEADER = YES;
				GCC_PREFIX_HEADER = "Tests/Tests-Prefix.pch";
				GCC_PREPROCESSOR_DEFINITIONS = (
					"DEBUG=1",
					"$(inherited)",
				);
				INFOPLIST_FILE = "Tests/Tests-Info.plist";
				PRODUCT_BUNDLE_IDENTIFIER = "org.cocoapods.demo.${PRODUCT_NAME:rfc1034identifier}";
				PRODUCT_NAME = "$(TARGET_NAME)";
				TEST_HOST = "$(BUILT_PRODUCTS_DIR)/PoporNetRecord_Example.app/PoporNetRecord_Example";
				WRAPPER_EXTENSION = xctest;
			};
			name = Debug;
		};
		6003F5C4195388D20070C39A /* Release */ = {
			isa = XCBuildConfiguration;
			baseConfigurationReference = B098AAD3598967FAFDC59C29 /* Pods-PoporNetRecord_Tests.release.xcconfig */;
			buildSettings = {
				BUNDLE_LOADER = "$(TEST_HOST)";
				FRAMEWORK_SEARCH_PATHS = (
					"$(SDKROOT)/Developer/Library/Frameworks",
					"$(inherited)",
					"$(DEVELOPER_FRAMEWORKS_DIR)",
				);
				GCC_PRECOMPILE_PREFIX_HEADER = YES;
				GCC_PREFIX_HEADER = "Tests/Tests-Prefix.pch";
				INFOPLIST_FILE = "Tests/Tests-Info.plist";
				PRODUCT_BUNDLE_IDENTIFIER = "org.cocoapods.demo.${PRODUCT_NAME:rfc1034identifier}";
				PRODUCT_NAME = "$(TARGET_NAME)";
				TEST_HOST = "$(BUILT_PRODUCTS_DIR)/PoporNetRecord_Example.app/PoporNetRecord_Example";
				WRAPPER_EXTENSION = xctest;
			};
			name = Release;
		};
/* End XCBuildConfiguration section */

/* Begin XCConfigurationList section */
		6003F585195388D10070C39A /* Build configuration list for PBXProject "PoporNetRecord" */ = {
			isa = XCConfigurationList;
			buildConfigurations = (
				6003F5BD195388D20070C39A /* Debug */,
				6003F5BE195388D20070C39A /* Release */,
			);
			defaultConfigurationIsVisible = 0;
			defaultConfigurationName = Release;
		};
		6003F5BF195388D20070C39A /* Build configuration list for PBXNativeTarget "PoporNetRecord_Example" */ = {
			isa = XCConfigurationList;
			buildConfigurations = (
				6003F5C0195388D20070C39A /* Debug */,
				6003F5C1195388D20070C39A /* Release */,
			);
			defaultConfigurationIsVisible = 0;
			defaultConfigurationName = Release;
		};
		6003F5C2195388D20070C39A /* Build configuration list for PBXNativeTarget "PoporNetRecord_Tests" */ = {
			isa = XCConfigurationList;
			buildConfigurations = (
				6003F5C3195388D20070C39A /* Debug */,
				6003F5C4195388D20070C39A /* Release */,
			);
			defaultConfigurationIsVisible = 0;
			defaultConfigurationName = Release;
		};
/* End XCConfigurationList section */
	};
	rootObject = 6003F582195388D10070C39A /* Project object */;
}
